# Generated by pub
# See http://pub.dartlang.org/doc/glossary.html#lockfile
packages:
  args:
    description: args
    source: hosted
    version: "0.10.0+1"
  barback:
    description: barback
    source: hosted
    version: "0.11.1"
  browser:
    description: browser
    source: hosted
    version: "0.10.0"
  collection:
    description: collection
    source: hosted
    version: "0.9.1"
  logging:
    description: logging
    source: hosted
    version: "0.9.1+1"
  mockable_filesystem:
    description: mockable_filesystem
    source: hosted
    version: "0.0.1"
  parsers:
    description: parsers
    source: hosted
    version: "0.14.0"
  path:
    description: path
    source: hosted
    version: "1.0.0"
  persistent:
    description: persistent
    source: hosted
    version: "0.8.0"
  source_maps:
    description: source_maps
    source: hosted
    version: "0.9.0"
  stack_trace:
    description: stack_trace
    source: hosted
    version: "0.9.2"
  unittest:
    description: unittest
    source: hosted
    version: "0.10.0"
  unscripted:
    description: unscripted
    source: hosted
    version: "0.3.1"
